
Microsoft Visual Studio Solution File, Format Version 12.00
# Visual Studio Version 16
VisualStudioVersion = 16.0.30517.126
MinimumVisualStudioVersion = 10.0.40219.1
Project("{FAE04EC0-301F-11D3-BF4B-00C04F79EFBC}") = "confocal_ui", "confocal_ui\confocal_ui.csproj", "{1EA2C3B3-0046-4106-BFDF-7C34648C2019}"
EndProject
Project("{FAE04EC0-301F-11D3-BF4B-00C04F79EFBC}") = "confocal_core", "confocal_core\confocal_core.csproj", "{432AA977-3289-4711-8622-07C69DA4CE08}"
EndProject
Project("{FAE04EC0-301F-11D3-BF4B-00C04F79EFBC}") = "confocal_test", "confocal_test\confocal_test.csproj", "{01916A76-CBE9-46BA-8911-28A1447BC313}"
EndProject
Global
	GlobalSection(SolutionConfigurationPlatforms) = preSolution
		Debug|Any CPU = Debug|Any CPU
		Debug|x64 = Debug|x64
		Release|Any CPU = Release|Any CPU
		Release|x64 = Release|x64
	EndGlobalSection
	GlobalSection(ProjectConfigurationPlatforms) = postSolution
		{1EA2C3B3-0046-4106-BFDF-7C34648C2019}.Debug|Any CPU.ActiveCfg = Debug|Any CPU
		{1EA2C3B3-0046-4106-BFDF-7C34648C2019}.Debug|Any CPU.Build.0 = Debug|Any CPU
		{1EA2C3B3-0046-4106-BFDF-7C34648C2019}.Debug|x64.ActiveCfg = Debug|x64
		{1EA2C3B3-0046-4106-BFDF-7C34648C2019}.Debug|x64.Build.0 = Debug|x64
		{1EA2C3B3-0046-4106-BFDF-7C34648C2019}.Release|Any CPU.ActiveCfg = Release|Any CPU
		{1EA2C3B3-0046-4106-BFDF-7C34648C2019}.Release|Any CPU.Build.0 = Release|Any CPU
		{1EA2C3B3-0046-4106-BFDF-7C34648C2019}.Release|x64.ActiveCfg = Release|x64
		{1EA2C3B3-0046-4106-BFDF-7C34648C2019}.Release|x64.Build.0 = Release|x64
		{432AA977-3289-4711-8622-07C69DA4CE08}.Debug|Any CPU.ActiveCfg = Debug|Any CPU
		{432AA977-3289-4711-8622-07C69DA4CE08}.Debug|Any CPU.Build.0 = Debug|Any CPU
		{432AA977-3289-4711-8622-07C69DA4CE08}.Debug|x64.ActiveCfg = Debug|x64
		{432AA977-3289-4711-8622-07C69DA4CE08}.Debug|x64.Build.0 = Debug|x64
		{432AA977-3289-4711-8622-07C69DA4CE08}.Release|Any CPU.ActiveCfg = Release|Any CPU
		{432AA977-3289-4711-8622-07C69DA4CE08}.Release|Any CPU.Build.0 = Release|Any CPU
		{432AA977-3289-4711-8622-07C69DA4CE08}.Release|x64.ActiveCfg = Release|x64
		{432AA977-3289-4711-8622-07C69DA4CE08}.Release|x64.Build.0 = Release|x64
		{01916A76-CBE9-46BA-8911-28A1447BC313}.Debug|Any CPU.ActiveCfg = Debug|Any CPU
		{01916A76-CBE9-46BA-8911-28A1447BC313}.Debug|Any CPU.Build.0 = Debug|Any CPU
		{01916A76-CBE9-46BA-8911-28A1447BC313}.Debug|x64.ActiveCfg = Debug|Any CPU
		{01916A76-CBE9-46BA-8911-28A1447BC313}.Debug|x64.Build.0 = Debug|Any CPU
		{01916A76-CBE9-46BA-8911-28A1447BC313}.Release|Any CPU.ActiveCfg = Release|Any CPU
		{01916A76-CBE9-46BA-8911-28A1447BC313}.Release|Any CPU.Build.0 = Release|Any CPU
		{01916A76-CBE9-46BA-8911-28A1447BC313}.Release|x64.ActiveCfg = Release|Any CPU
		{01916A76-CBE9-46BA-8911-28A1447BC313}.Release|x64.Build.0 = Release|Any CPU
	EndGlobalSection
	GlobalSection(SolutionProperties) = preSolution
		HideSolutionNode = FALSE
	EndGlobalSection
	GlobalSection(ExtensibilityGlobals) = postSolution
		SolutionGuid = {F75307E5-2FBD-4874-A54E-3C657A21FD10}
	EndGlobalSection
EndGlobal
